// !$*UTF8*$!
{
	archiveVersion = 1;
	classes = {
	};
	objectVersion = 50;
	objects = {

/* Begin PBXBuildFile section */
		4904BBE922139C8A007225EE /* AppDelegate.swift in Sources */ = {isa = PBXBuildFile; fileRef = 4904BBE822139C8A007225EE /* AppDelegate.swift */; };
		4904BBEB22139C8A007225EE /* ViewController.swift in Sources */ = {isa = PBXBuildFile; fileRef = 4904BBEA22139C8A007225EE /* ViewController.swift */; };
		4904BBEE22139C8A007225EE /* Main.storyboard in Resources */ = {isa = PBXBuildFile; fileRef = 4904BBEC22139C8A007225EE /* Main.storyboard */; };
		4904BBF022139C8C007225EE /* Assets.xcassets in Resources */ = {isa = PBXBuildFile; fileRef = 4904BBEF22139C8C007225EE /* Assets.xcassets */; };
		4904BBF322139C8C007225EE /* LaunchScreen.storyboard in Resources */ = {isa = PBXBuildFile; fileRef = 4904BBF122139C8C007225EE /* LaunchScreen.storyboard */; };
		4904BBFE22139C8D007225EE /* DataPersistanceTests.swift in Sources */ = {isa = PBXBuildFile; fileRef = 4904BBFD22139C8D007225EE /* DataPersistanceTests.swift */; };
		4904BC0922139C8D007225EE /* DataPersistanceUITests.swift in Sources */ = {isa = PBXBuildFile; fileRef = 4904BC0822139C8D007225EE /* DataPersistanceUITests.swift */; };
/* End PBXBuildFile section */

/* Begin PBXContainerItemProxy section */
		4904BBFA22139C8C007225EE /* PBXContainerItemProxy */ = {
			isa = PBXContainerItemProxy;
			containerPortal = 4904BBDD22139C8A007225EE /* Project object */;
			proxyType = 1;
			remoteGlobalIDString = 4904BBE422139C8A007225EE;
			remoteInfo = DataPersistance;
		};
		4904BC0522139C8D007225EE /* PBXContainerItemProxy */ = {
			isa = PBXContainerItemProxy;
			containerPortal = 4904BBDD22139C8A007225EE /* Project object */;
			proxyType = 1;
			remoteGlobalIDString = 4904BBE422139C8A007225EE;
			remoteInfo = DataPersistance;
		};
/* End PBXContainerItemProxy section */

/* Begin PBXFileReference section */
		4904BBE522139C8A007225EE /* DataPersistance.app */ = {isa = PBXFileReference; explicitFileType = wrapper.application; includeInIndex = 0; path = DataPersistance.app; sourceTree = BUILT_PRODUCTS_DIR; };
		4904BBE822139C8A007225EE /* AppDelegate.swift */ = {isa = PBXFileReference; lastKnownFileType = sourcecode.swift; path = AppDelegate.swift; sourceTree = "<group>"; };
		4904BBEA22139C8A007225EE /* ViewController.swift */ = {isa = PBXFileReference; lastKnownFileType = sourcecode.swift; path = ViewController.swift; sourceTree = "<group>"; };
		4904BBED22139C8A007225EE /* Base */ = {isa = PBXFileReference; lastKnownFileType = file.storyboard; name = Base; path = Base.lproj/Main.storyboard; sourceTree = "<group>"; };
		4904BBEF22139C8C007225EE /* Assets.xcassets */ = {isa = PBXFileReference; lastKnownFileType = folder.assetcatalog; path = Assets.xcassets; sourceTree = "<group>"; };
		4904BBF222139C8C007225EE /* Base */ = {isa = PBXFileReference; lastKnownFileType = file.storyboard; name = Base; path = Base.lproj/LaunchScreen.storyboard; sourceTree = "<group>"; };
		4904BBF422139C8C007225EE /* Info.plist */ = {isa = PBXFileReference; lastKnownFileType = text.plist.xml; path = Info.plist; sourceTree = "<group>"; };
		4904BBF922139C8C007225EE /* DataPersistanceTests.xctest */ = {isa = PBXFileReference; explicitFileType = wrapper.cfbundle; includeInIndex = 0; path = DataPersistanceTests.xctest; sourceTree = BUILT_PRODUCTS_DIR; };
		4904BBFD22139C8D007225EE /* DataPersistanceTests.swift */ = {isa = PBXFileReference; lastKnownFileType = sourcecode.swift; path = DataPersistanceTests.swift; sourceTree = "<group>"; };
		4904BBFF22139C8D007225EE /* Info.plist */ = {isa = PBXFileReference; lastKnownFileType = text.plist.xml; path = Info.plist; sourceTree = "<group>"; };
		4904BC0422139C8D007225EE /* DataPersistanceUITests.xctest */ = {isa = PBXFileReference; explicitFileType = wrapper.cfbundle; includeInIndex = 0; path = DataPersistanceUITests.xctest; sourceTree = BUILT_PRODUCTS_DIR; };
		4904BC0822139C8D007225EE /* DataPersistanceUITests.swift */ = {isa = PBXFileReference; lastKnownFileType = sourcecode.swift; path = DataPersistanceUITests.swift; sourceTree = "<group>"; };
		4904BC0A22139C8D007225EE /* Info.plist */ = {isa = PBXFileReference; lastKnownFileType = text.plist.xml; path = Info.plist; sourceTree = "<group>"; };
/* End PBXFileReference section */

/* Begin PBXFrameworksBuildPhase section */
		4904BBE222139C8A007225EE /* Frameworks */ = {
			isa = PBXFrameworksBuildPhase;
			buildActionMask = 2147483647;
			files = (
			);
			runOnlyForDeploymentPostprocessing = 0;
		};
		4904BBF622139C8C007225EE /* Frameworks */ = {
			isa = PBXFrameworksBuildPhase;
			buildActionMask = 2147483647;
			files = (
			);
			runOnlyForDeploymentPostprocessing = 0;
		};
		4904BC0122139C8D007225EE /* Frameworks */ = {
			isa = PBXFrameworksBuildPhase;
			buildActionMask = 2147483647;
			files = (
			);
			runOnlyForDeploymentPostprocessing = 0;
		};
/* End PBXFrameworksBuildPhase section */

/* Begin PBXGroup section */
		4904BBDC22139C8A007225EE = {
			isa = PBXGroup;
			children = (
				4904BBE722139C8A007225EE /* DataPersistance */,
				4904BBFC22139C8D007225EE /* DataPersistanceTests */,
				4904BC0722139C8D007225EE /* DataPersistanceUITests */,
				4904BBE622139C8A007225EE /* Products */,
			);
			sourceTree = "<group>";
		};
		4904BBE622139C8A007225EE /* Products */ = {
			isa = PBXGroup;
			children = (
				4904BBE522139C8A007225EE /* DataPersistance.app */,
				4904BBF922139C8C007225EE /* DataPersistanceTests.xctest */,
				4904BC0422139C8D007225EE /* DataPersistanceUITests.xctest */,
			);
			name = Products;
			sourceTree = "<group>";
		};
		4904BBE722139C8A007225EE /* DataPersistance */ = {
			isa = PBXGroup;
			children = (
				4904BBE822139C8A007225EE /* AppDelegate.swift */,
				4904BBEA22139C8A007225EE /* ViewController.swift */,
				4904BBEC22139C8A007225EE /* Main.storyboard */,
				4904BBEF22139C8C007225EE /* Assets.xcassets */,
				4904BBF122139C8C007225EE /* LaunchScreen.storyboard */,
				4904BBF422139C8C007225EE /* Info.plist */,
			);
			path = DataPersistance;
			sourceTree = "<group>";
		};
		4904BBFC22139C8D007225EE /* DataPersistanceTests */ = {
			isa = PBXGroup;
			children = (
				4904BBFD22139C8D007225EE /* DataPersistanceTests.swift */,
				4904BBFF22139C8D007225EE /* Info.plist */,
			);
			path = DataPersistanceTests;
			sourceTree = "<group>";
		};
		4904BC0722139C8D007225EE /* DataPersistanceUITests */ = {
			isa = PBXGroup;
			children = (
				4904BC0822139C8D007225EE /* DataPersistanceUITests.swift */,
				4904BC0A22139C8D007225EE /* Info.plist */,
			);
			path = DataPersistanceUITests;
			sourceTree = "<group>";
		};
/* End PBXGroup section */

/* Begin PBXNativeTarget section */
		4904BBE422139C8A007225EE /* DataPersistance */ = {
			isa = PBXNativeTarget;
			buildConfigurationList = 4904BC0D22139C8D007225EE /* Build configuration list for PBXNativeTarget "DataPersistance" */;
			buildPhases = (
				4904BBE122139C8A007225EE /* Sources */,
				4904BBE222139C8A007225EE /* Frameworks */,
				4904BBE322139C8A007225EE /* Resources */,
			);
			buildRules = (
			);
			dependencies = (
			);
			name = DataPersistance;
			productName = DataPersistance;
			productReference = 4904BBE522139C8A007225EE /* DataPersistance.app */;
			productType = "com.apple.product-type.application";
		};
		4904BBF822139C8C007225EE /* DataPersistanceTests */ = {
			isa = PBXNativeTarget;
			buildConfigurationList = 4904BC1022139C8D007225EE /* Build configuration list for PBXNativeTarget "DataPersistanceTests" */;
			buildPhases = (
				4904BBF522139C8C007225EE /* Sources */,
				4904BBF622139C8C007225EE /* Frameworks */,
				4904BBF722139C8C007225EE /* Resources */,
			);
			buildRules = (
			);
			dependencies = (
				4904BBFB22139C8C007225EE /* PBXTargetDependency */,
			);
			name = DataPersistanceTests;
			productName = DataPersistanceTests;
			productReference = 4904BBF922139C8C007225EE /* DataPersistanceTests.xctest */;
			productType = "com.apple.product-type.bundle.unit-test";
		};
		4904BC0322139C8D007225EE /* DataPersistanceUITests */ = {
			isa = PBXNativeTarget;
			buildConfigurationList = 4904BC1322139C8D007225EE /* Build configuration list for PBXNativeTarget "DataPersistanceUITests" */;
			buildPhases = (
				4904BC0022139C8D007225EE /* Sources */,
				4904BC0122139C8D007225EE /* Frameworks */,
				4904BC0222139C8D007225EE /* Resources */,
			);
			buildRules = (
			);
			dependencies = (
				4904BC0622139C8D007225EE /* PBXTargetDependency */,
			);
			name = DataPersistanceUITests;
			productName = DataPersistanceUITests;
			productReference = 4904BC0422139C8D007225EE /* DataPersistanceUITests.xctest */;
			productType = "com.apple.product-type.bundle.ui-testing";
		};
/* End PBXNativeTarget section */

/* Begin PBXProject section */
		4904BBDD22139C8A007225EE /* Project object */ = {
			isa = PBXProject;
			attributes = {
				LastSwiftUpdateCheck = 1010;
				LastUpgradeCheck = 1010;
				ORGANIZATIONNAME = IMCS2;
				TargetAttributes = {
					4904BBE422139C8A007225EE = {
						CreatedOnToolsVersion = 10.1;
					};
					4904BBF822139C8C007225EE = {
						CreatedOnToolsVersion = 10.1;
						TestTargetID = 4904BBE422139C8A007225EE;
					};
					4904BC0322139C8D007225EE = {
						CreatedOnToolsVersion = 10.1;
						TestTargetID = 4904BBE422139C8A007225EE;
					};
				};
			};
			buildConfigurationList = 4904BBE022139C8A007225EE /* Build configuration list for PBXProject "DataPersistance" */;
			compatibilityVersion = "Xcode 9.3";
			developmentRegion = en;
			hasScannedForEncodings = 0;
			knownRegions = (
				en,
				Base,
			);
			mainGroup = 4904BBDC22139C8A007225EE;
			productRefGroup = 4904BBE622139C8A007225EE /* Products */;
			projectDirPath = "";
			projectRoot = "";
			targets = (
				4904BBE422139C8A007225EE /* DataPersistance */,
				4904BBF822139C8C007225EE /* DataPersistanceTests */,
				4904BC0322139C8D007225EE /* DataPersistanceUITests */,
			);
		};
/* End PBXProject section */

/* Begin PBXResourcesBuildPhase section */
		4904BBE322139C8A007225EE /* Resources */ = {
			isa = PBXResourcesBuildPhase;
			buildActionMask = 2147483647;
			files = (
				4904BBF322139C8C007225EE /* LaunchScreen.storyboard in Resources */,
				4904BBF022139C8C007225EE /* Assets.xcassets in Resources */,
				4904BBEE22139C8A007225EE /* Main.storyboard in Resources */,
			);
			runOnlyForDeploymentPostprocessing = 0;
		};
		4904BBF722139C8C007225EE /* Resources */ = {
			isa = PBXResourcesBuildPhase;
			buildActionMask = 2147483647;
			files = (
			);
			runOnlyForDeploymentPostprocessing = 0;
		};
		4904BC0222139C8D007225EE /* Resources */ = {
			isa = PBXResourcesBuildPhase;
			buildActionMask = 2147483647;
			files = (
			);
			runOnlyForDeploymentPostprocessing = 0;
		};
/* End PBXResourcesBuildPhase section */

/* Begin PBXSourcesBuildPhase section */
		4904BBE122139C8A007225EE /* Sources */ = {
			isa = PBXSourcesBuildPhase;
			buildActionMask = 2147483647;
			files = (
				4904BBEB22139C8A007225EE /* ViewController.swift in Sources */,
				4904BBE922139C8A007225EE /* AppDelegate.swift in Sources */,
			);
			runOnlyForDeploymentPostprocessing = 0;
		};
		4904BBF522139C8C007225EE /* Sources */ = {
			isa = PBXSourcesBuildPhase;
			buildActionMask = 2147483647;
			files = (
				4904BBFE22139C8D007225EE /* DataPersistanceTests.swift in Sources */,
			);
			runOnlyForDeploymentPostprocessing = 0;
		};
		4904BC0022139C8D007225EE /* Sources */ = {
			isa = PBXSourcesBuildPhase;
			buildActionMask = 2147483647;
			files = (
				4904BC0922139C8D007225EE /* DataPersistanceUITests.swift in Sources */,
			);
			runOnlyForDeploymentPostprocessing = 0;
		};
/* End PBXSourcesBuildPhase section */

/* Begin PBXTargetDependency section */
		4904BBFB22139C8C007225EE /* PBXTargetDependency */ = {
			isa = PBXTargetDependency;
			target = 4904BBE422139C8A007225EE /* DataPersistance */;
			targetProxy = 4904BBFA22139C8C007225EE /* PBXContainerItemProxy */;
		};
		4904BC0622139C8D007225EE /* PBXTargetDependency */ = {
			isa = PBXTargetDependency;
			target = 4904BBE422139C8A007225EE /* DataPersistance */;
			targetProxy = 4904BC0522139C8D007225EE /* PBXContainerItemProxy */;
		};
/* End PBXTargetDependency section */

/* Begin PBXVariantGroup section */
		4904BBEC22139C8A007225EE /* Main.storyboard */ = {
			isa = PBXVariantGroup;
			children = (
				4904BBED22139C8A007225EE /* Base */,
			);
			name = Main.storyboard;
			sourceTree = "<group>";
		};
		4904BBF122139C8C007225EE /* LaunchScreen.storyboard */ = {
			isa = PBXVariantGroup;
			children = (
				4904BBF222139C8C007225EE /* Base */,
			);
			name = LaunchScreen.storyboard;
			sourceTree = "<group>";
		};
/* End PBXVariantGroup section */

/* Begin XCBuildConfiguration section */
		4904BC0B22139C8D007225EE /* Debug */ = {
			isa = XCBuildConfiguration;
			buildSettings = {
				ALWAYS_SEARCH_USER_PATHS = NO;
				CLANG_ANALYZER_NONNULL = YES;
				CLANG_ANALYZER_NUMBER_OBJECT_CONVERSION = YES_AGGRESSIVE;
				CLANG_CXX_LANGUAGE_STANDARD = "gnu++14";
				CLANG_CXX_LIBRARY = "libc++";
				CLANG_ENABLE_MODULES = YES;
				CLANG_ENABLE_OBJC_ARC = YES;
				CLANG_ENABLE_OBJC_WEAK = YES;
				CLANG_WARN_BLOCK_CAPTURE_AUTORELEASING = YES;
				CLANG_WARN_BOOL_CONVERSION = YES;
				CLANG_WARN_COMMA = YES;
				CLANG_WARN_CONSTANT_CONVERSION = YES;
				CLANG_WARN_DEPRECATED_OBJC_IMPLEMENTATIONS = YES;
				CLANG_WARN_DIRECT_OBJC_ISA_USAGE = YES_ERROR;
				CLANG_WARN_DOCUMENTATION_COMMENTS = YES;
				CLANG_WARN_EMPTY_BODY = YES;
				CLANG_WARN_ENUM_CONVERSION = YES;
				CLANG_WARN_INFINITE_RECURSION = YES;
				CLANG_WARN_INT_CONVERSION = YES;
				CLANG_WARN_NON_LITERAL_NULL_CONVERSION = YES;
				CLANG_WARN_OBJC_IMPLICIT_RETAIN_SELF = YES;
				CLANG_WARN_OBJC_LITERAL_CONVERSION = YES;
				CLANG_WARN_OBJC_ROOT_CLASS = YES_ERROR;
				CLANG_WARN_RANGE_LOOP_ANALYSIS = YES;
				CLANG_WARN_STRICT_PROTOTYPES = YES;
				CLANG_WARN_SUSPICIOUS_MOVE = YES;
				CLANG_WARN_UNGUARDED_AVAILABILITY = YES_AGGRESSIVE;
				CLANG_WARN_UNREACHABLE_CODE = YES;
				CLANG_WARN__DUPLICATE_METHOD_MATCH = YES;
				CODE_SIGN_IDENTITY = "iPhone Developer";
				COPY_PHASE_STRIP = NO;
				DEBUG_INFORMATION_FORMAT = dwarf;
				ENABLE_STRICT_OBJC_MSGSEND = YES;
				ENABLE_TESTABILITY = YES;
				GCC_C_LANGUAGE_STANDARD = gnu11;
				GCC_DYNAMIC_NO_PIC = NO;
				GCC_NO_COMMON_BLOCKS = YES;
				GCC_OPTIMIZATION_LEVEL = 0;
				GCC_PREPROCESSOR_DEFINITIONS = (
					"DEBUG=1",
					"$(inherited)",
				);
				GCC_WARN_64_TO_32_BIT_CONVERSION = YES;
				GCC_WARN_ABOUT_RETURN_TYPE = YES_ERROR;
				GCC_WARN_UNDECLARED_SELECTOR = YES;
				GCC_WARN_UNINITIALIZED_AUTOS = YES_AGGRESSIVE;
				GCC_WARN_UNUSED_FUNCTION = YES;
				GCC_WARN_UNUSED_VARIABLE = YES;
				IPHONEOS_DEPLOYMENT_TARGET = 12.1;
				MTL_ENABLE_DEBUG_INFO = INCLUDE_SOURCE;
				MTL_FAST_MATH = YES;
				ONLY_ACTIVE_ARCH = YES;
				SDKROOT = iphoneos;
				SWIFT_ACTIVE_COMPILATION_CONDITIONS = DEBUG;
				SWIFT_OPTIMIZATION_LEVEL = "-Onone";
			};
			name = Debug;
		};
		4904BC0C22139C8D007225EE /* Release */ = {
			isa = XCBuildConfiguration;
			buildSettings = {
				ALWAYS_SEARCH_USER_PATHS = NO;
				CLANG_ANALYZER_NONNULL = YES;
				CLANG_ANALYZER_NUMBER_OBJECT_CONVERSION = YES_AGGRESSIVE;
				CLANG_CXX_LANGUAGE_STANDARD = "gnu++14";
				CLANG_CXX_LIBRARY = "libc++";
				CLANG_ENABLE_MODULES = YES;
				CLANG_ENABLE_OBJC_ARC = YES;
				CLANG_ENABLE_OBJC_WEAK = YES;
				CLANG_WARN_BLOCK_CAPTURE_AUTORELEASING = YES;
				CLANG_WARN_BOOL_CONVERSION = YES;
				CLANG_WARN_COMMA = YES;
				CLANG_WARN_CONSTANT_CONVERSION = YES;
				CLANG_WARN_DEPRECATED_OBJC_IMPLEMENTATIONS = YES;
				CLANG_WARN_DIRECT_OBJC_ISA_USAGE = YES_ERROR;
				CLANG_WARN_DOCUMENTATION_COMMENTS = YES;
				CLANG_WARN_EMPTY_BODY = YES;
				CLANG_WARN_ENUM_CONVERSION = YES;
				CLANG_WARN_INFINITE_RECURSION = YES;
				CLANG_WARN_INT_CONVERSION = YES;
				CLANG_WARN_NON_LITERAL_NULL_CONVERSION = YES;
				CLANG_WARN_OBJC_IMPLICIT_RETAIN_SELF = YES;
				CLANG_WARN_OBJC_LITERAL_CONVERSION = YES;
				CLANG_WARN_OBJC_ROOT_CLASS = YES_ERROR;
				CLANG_WARN_RANGE_LOOP_ANALYSIS = YES;
				CLANG_WARN_STRICT_PROTOTYPES = YES;
				CLANG_WARN_SUSPICIOUS_MOVE = YES;
				CLANG_WARN_UNGUARDED_AVAILABILITY = YES_AGGRESSIVE;
				CLANG_WARN_UNREACHABLE_CODE = YES;
				CLANG_WARN__DUPLICATE_METHOD_MATCH = YES;
				CODE_SIGN_IDENTITY = "iPhone Developer";
				COPY_PHASE_STRIP = NO;
				DEBUG_INFORMATION_FORMAT = "dwarf-with-dsym";
				ENABLE_NS_ASSERTIONS = NO;
				ENABLE_STRICT_OBJC_MSGSEND = YES;
				GCC_C_LANGUAGE_STANDARD = gnu11;
				GCC_NO_COMMON_BLOCKS = YES;
				GCC_WARN_64_TO_32_BIT_CONVERSION = YES;
				GCC_WARN_ABOUT_RETURN_TYPE = YES_ERROR;
				GCC_WARN_UNDECLARED_SELECTOR = YES;
				GCC_WARN_UNINITIALIZED_AUTOS = YES_AGGRESSIVE;
				GCC_WARN_UNUSED_FUNCTION = YES;
				GCC_WARN_UNUSED_VARIABLE = YES;
				IPHONEOS_DEPLOYMENT_TARGET = 12.1;
				MTL_ENABLE_DEBUG_INFO = NO;
				MTL_FAST_MATH = YES;
				SDKROOT = iphoneos;
				SWIFT_COMPILATION_MODE = wholemodule;
				SWIFT_OPTIMIZATION_LEVEL = "-O";
				VALIDATE_PRODUCT = YES;
			};
			name = Release;
		};
		4904BC0E22139C8D007225EE /* Debug */ = {
			isa = XCBuildConfiguration;
			buildSettings = {
				ASSETCATALOG_COMPILER_APPICON_NAME = AppIcon;
				CODE_SIGN_STYLE = Automatic;
				INFOPLIST_FILE = DataPersistance/Info.plist;
				LD_RUNPATH_SEARCH_PATHS = (
					"$(inherited)",
					"@executable_path/Frameworks",
				);
				PRODUCT_BUNDLE_IDENTIFIER = a.DataPersistance;
				PRODUCT_NAME = "$(TARGET_NAME)";
				SWIFT_VERSION = 4.2;
				TARGETED_DEVICE_FAMILY = "1,2";
			};
			name = Debug;
		};
		4904BC0F22139C8D007225EE /* Release */ = {
			isa = XCBuildConfiguration;
			buildSettings = {
				ASSETCATALOG_COMPILER_APPICON_NAME = AppIcon;
				CODE_SIGN_STYLE = Automatic;
				INFOPLIST_FILE = DataPersistance/Info.plist;
				LD_RUNPATH_SEARCH_PATHS = (
					"$(inherited)",
					"@executable_path/Frameworks",
				);
				PRODUCT_BUNDLE_IDENTIFIER = a.DataPersistance;
				PRODUCT_NAME = "$(TARGET_NAME)";
				SWIFT_VERSION = 4.2;
				TARGETED_DEVICE_FAMILY = "1,2";
			};
			name = Release;
		};
		4904BC1122139C8D007225EE /* Debug */ = {
			isa = XCBuildConfiguration;
			buildSettings = {
				ALWAYS_EMBED_SWIFT_STANDARD_LIBRARIES = YES;
				BUNDLE_LOADER = "$(TEST_HOST)";
				CODE_SIGN_STYLE = Automatic;
				INFOPLIST_FILE = DataPersistanceTests/Info.plist;
				LD_RUNPATH_SEARCH_PATHS = (
					"$(inherited)",
					"@executable_path/Frameworks",
					"@loader_path/Frameworks",
				);
				PRODUCT_BUNDLE_IDENTIFIER = a.DataPersistanceTests;
				PRODUCT_NAME = "$(TARGET_NAME)";
				SWIFT_VERSION = 4.2;
				TARGETED_DEVICE_FAMILY = "1,2";
				TEST_HOST = "$(BUILT_PRODUCTS_DIR)/DataPersistance.app/DataPersistance";
			};
			name = Debug;
		};
		4904BC1222139C8D007225EE /* Release */ = {
			isa = XCBuildConfiguration;
			buildSettings = {
				ALWAYS_EMBED_SWIFT_STANDARD_LIBRARIES = YES;
				BUNDLE_LOADER = "$(TEST_HOST)";
				CODE_SIGN_STYLE = Automatic;
				INFOPLIST_FILE = DataPersistanceTests/Info.plist;
				LD_RUNPATH_SEARCH_PATHS = (
					"$(inherited)",
					"@executable_path/Frameworks",
					"@loader_path/Frameworks",
				);
				PRODUCT_BUNDLE_IDENTIFIER = a.DataPersistanceTests;
				PRODUCT_NAME = "$(TARGET_NAME)";
				SWIFT_VERSION = 4.2;
				TARGETED_DEVICE_FAMILY = "1,2";
				TEST_HOST = "$(BUILT_PRODUCTS_DIR)/DataPersistance.app/DataPersistance";
			};
			name = Release;
		};
		4904BC1422139C8D007225EE /* Debug */ = {
			isa = XCBuildConfiguration;
			buildSettings = {
				ALWAYS_EMBED_SWIFT_STANDARD_LIBRARIES = YES;
				CODE_SIGN_STYLE = Automatic;
				INFOPLIST_FILE = DataPersistanceUITests/Info.plist;
				LD_RUNPATH_SEARCH_PATHS = (
					"$(inherited)",
					"@executable_path/Frameworks",
					"@loader_path/Frameworks",
				);
				PRODUCT_BUNDLE_IDENTIFIER = a.DataPersistanceUITests;
				PRODUCT_NAME = "$(TARGET_NAME)";
				SWIFT_VERSION = 4.2;
				TARGETED_DEVICE_FAMILY = "1,2";
				TEST_TARGET_NAME = DataPersistance;
			};
			name = Debug;
		};
		4904BC1522139C8D007225EE /* Release */ = {
			isa = XCBuildConfiguration;
			buildSettings = {
				ALWAYS_EMBED_SWIFT_STANDARD_LIBRARIES = YES;
				CODE_SIGN_STYLE = Automatic;
				INFOPLIST_FILE = DataPersistanceUITests/Info.plist;
				LD_RUNPATH_SEARCH_PATHS = (
					"$(inherited)",
					"@executable_path/Frameworks",
					"@loader_path/Frameworks",
				);
				PRODUCT_BUNDLE_IDENTIFIER = a.DataPersistanceUITests;
				PRODUCT_NAME = "$(TARGET_NAME)";
				SWIFT_VERSION = 4.2;
				TARGETED_DEVICE_FAMILY = "1,2";
				TEST_TARGET_NAME = DataPersistance;
			};
			name = Release;
		};
/* End XCBuildConfiguration section */

/* Begin XCConfigurationList section */
		4904BBE022139C8A007225EE /* Build configuration list for PBXProject "DataPersistance" */ = {
			isa = XCConfigurationList;
			buildConfigurations = (
				4904BC0B22139C8D007225EE /* Debug */,
				4904BC0C22139C8D007225EE /* Release */,
			);
			defaultConfigurationIsVisible = 0;
			defaultConfigurationName = Release;
		};
		4904BC0D22139C8D007225EE /* Build configuration list for PBXNativeTarget "DataPersistance" */ = {
			isa = XCConfigurationList;
			buildConfigurations = (
				4904BC0E22139C8D007225EE /* Debug */,
				4904BC0F22139C8D007225EE /* Release */,
			);
			defaultConfigurationIsVisible = 0;
			defaultConfigurationName = Release;
		};
		4904BC1022139C8D007225EE /* Build configuration list for PBXNativeTarget "DataPersistanceTests" */ = {
			isa = XCConfigurationList;
			buildConfigurations = (
				4904BC1122139C8D007225EE /* Debug */,
				4904BC1222139C8D007225EE /* Release */,
			);
			defaultConfigurationIsVisible = 0;
			defaultConfigurationName = Release;
		};
		4904BC1322139C8D007225EE /* Build configuration list for PBXNativeTarget "DataPersistanceUITests" */ = {
			isa = XCConfigurationList;
			buildConfigurations = (
				4904BC1422139C8D007225EE /* Debug */,
				4904BC1522139C8D007225EE /* Release */,
			);
			defaultConfigurationIsVisible = 0;
			defaultConfigurationName = Release;
		};
/* End XCConfigurationList section */
	};
	rootObject = 4904BBDD22139C8A007225EE /* Project object */;
}
